<?xml version="1.0" encoding="utf-8"?>
<Project ToolsVersion="4.0" xmlns="http://schemas.microsoft.com/developer/msbuild/2003">
  <ItemGroup>
    <Filter Include="Tasks">
      <UniqueIdentifier>{0081366d-ed57-4968-ad43-a4d44f0a598f}</UniqueIdentifier>
    </Filter>
  </ItemGroup>
  <ItemGroup>
    <ClCompile Include="Basic.cpp">
      <Filter>Tasks</Filter>
    </ClCompile>
    <ClCompile Include="Medium.cpp">
      <Filter>Tasks</Filter>
    </ClCompile>
    <ClCompile Include="Advanced.cpp">
      <Filter>Tasks</Filter>
    </ClCompile>
  </ItemGroup>
</Project>